{
  "name": "simple-shadow",
  "version": "1.0.0",
  "lockfileVersion": 2,
  "requires": true,
  "packages": {
    "": {
      "version": "1.0.0",
      "license": "ISC",
      "dependencies": {
        "lodash": "^4.17.21",
        "simple-shadow": "^1.0.0"
      }
    },
    "node_modules/lodash": {
      "version": "4.17.21",
      "resolved": "https://my-domain-692665433886.d.codeartifact.us-west-2.amazonaws.com:443/npm/my-repo/lodash/-/lodash-4.17.21.tgz",
      "integrity": "sha512-v2kDEe57lecTulaDIuNTPy3Ry4gLGJ6Z1O3vE1krgXZNrsQ+LFTGHVxVjcXPs17LhbZVGedAJv8XZ1tvj5FvSg=="
    },
    "node_modules/simple-shadow": {
      "version": "1.0.0",
      "resolved": "https://my-domain-692665433886.d.codeartifact.us-west-2.amazonaws.com:443/npm/my-repo/simple-shadow/-/simple-shadow-1.0.0.tgz",
      "integrity": "sha512-HI75w0dgN2wyxuKV5bFw2RRChDMRu15sQZAKzcwkesEh4sfQe7ysMZbsSHBrlsBLJHEzspEKJaGqcOpNL3z3KA=="
    }
  },
  "dependencies": {
    "lodash": {
      "version": "4.17.21",
      "resolved": "https://my-domain-692665433886.d.codeartifact.us-west-2.amazonaws.com:443/npm/my-repo/lodash/-/lodash-4.17.21.tgz",
      "integrity": "sha512-v2kDEe57lecTulaDIuNTPy3Ry4gLGJ6Z1O3vE1krgXZNrsQ+LFTGHVxVjcXPs17LhbZVGedAJv8XZ1tvj5FvSg=="
    },
    "simple-shadow": {
      "version": "1.0.0",
      "resolved": "https://my-domain-692665433886.d.codeartifact.us-west-2.amazonaws.com:443/npm/my-repo/simple-shadow/-/simple-shadow-1.0.0.tgz",
      "integrity": "sha512-HI75w0dgN2wyxuKV5bFw2RRChDMRu15sQZAKzcwkesEh4sfQe7ysMZbsSHBrlsBLJHEzspEKJaGqcOpNL3z3KA=="
    }
  }
}
